<?xml version="1.0" encoding="UTF-8" standalone="yes" ?>
<CodeBlocks_project_file>
	<FileVersion major="1" minor="6" />
	<Project>
		<Option title="sanVogelTerminalCB" />
		<Option pch_mode="2" />
		<Option compiler="gcc" />
		<Build>
			<Target title="Debug">
				<Option output="bin/Debug/sanVogelTerminalCB" prefix_auto="1" extension_auto="1" />
				<Option object_output="obj/Debug/" />
				<Option type="1" />
				<Option compiler="gcc" />
				<Compiler>
					<Add option="-g" />
				</Compiler>
			</Target>
			<Target title="Release">
				<Option output="bin/Release/sanVogelTerminalCB" prefix_auto="1" extension_auto="1" />
				<Option object_output="obj/Release/" />
				<Option type="1" />
				<Option compiler="gcc" />
				<Compiler>
					<Add option="-O2" />
				</Compiler>
				<Linker>
					<Add option="-s" />
				</Linker>
			</Target>
		</Build>
		<Compiler>
			<Add option="-Wall" />
		</Compiler>
		<Unit filename="administrativo.c">
			<Option compilerVar="CC" />
		</Unit>
		<Unit filename="administrativo.h" />
		<Unit filename="commonLibs.h" />
		<Unit filename="interfaces.c">
			<Option compilerVar="CC" />
		</Unit>
		<Unit filename="interfaces.h" />
		<Unit filename="main.c">
			<Option compilerVar="CC" />
		</Unit>
		<Unit filename="managStrg.c">
			<Option compilerVar="CC" />
		</Unit>
		<Unit filename="managStrg.h" />
		<Unit filename="operador.c">
			<Option compilerVar="CC" />
		</Unit>
		<Unit filename="operador.h" />
		<Unit filename="ti.c">
			<Option compilerVar="CC" />
		</Unit>
		<Unit filename="ti.h" />
		<Extensions />
	</Project>
</CodeBlocks_project_file>
